// !$*UTF8*$!
{
	archiveVersion = 1;
	classes = {
	};
	objectVersion = 46;
	objects = {

/* Begin PBXBuildFile section */
		09BC26C98D9F957EADA9A9D9 /* libPods-ASCIIImage-iOS.a in Frameworks */ = {isa = PBXBuildFile; fileRef = 72D29854C536E2CECB1F3AB7 /* libPods-ASCIIImage-iOS.a */; };
		1104D92C1AD6E69C0045BC81 /* ASCIImageTests.m in Sources */ = {isa = PBXBuildFile; fileRef = 1104D8A11AD6E69C0045BC81 /* ASCIImageTests.m */; };
		1104D92D1AD6E69C0045BC81 /* ASCIImageTests.m in Sources */ = {isa = PBXBuildFile; fileRef = 1104D8A11AD6E69C0045BC81 /* ASCIImageTests.m */; };
		1104D92E1AD6E69C0045BC81 /* InfoPlist.strings in Resources */ = {isa = PBXBuildFile; fileRef = 1104D8A21AD6E69C0045BC81 /* InfoPlist.strings */; };
		1104D92F1AD6E69C0045BC81 /* InfoPlist.strings in Resources */ = {isa = PBXBuildFile; fileRef = 1104D8A21AD6E69C0045BC81 /* InfoPlist.strings */; };
		1104DA361AD6E69C0045BC81 /* iOS-Tests-Info.plist in Resources */ = {isa = PBXBuildFile; fileRef = 1104D9281AD6E69C0045BC81 /* iOS-Tests-Info.plist */; };
		1104DA371AD6E69C0045BC81 /* iOS-Tests-Info.plist in Resources */ = {isa = PBXBuildFile; fileRef = 1104D9281AD6E69C0045BC81 /* iOS-Tests-Info.plist */; };
		1104DA381AD6E69C0045BC81 /* OSX-Tests-Info.plist in Resources */ = {isa = PBXBuildFile; fileRef = 1104D9291AD6E69C0045BC81 /* OSX-Tests-Info.plist */; };
		1104DA391AD6E69C0045BC81 /* OSX-Tests-Info.plist in Resources */ = {isa = PBXBuildFile; fileRef = 1104D9291AD6E69C0045BC81 /* OSX-Tests-Info.plist */; };
		1104DA3A1AD6E69C0045BC81 /* PARTestCase.m in Sources */ = {isa = PBXBuildFile; fileRef = 1104D92B1AD6E69C0045BC81 /* PARTestCase.m */; };
		1104DA3B1AD6E69C0045BC81 /* PARTestCase.m in Sources */ = {isa = PBXBuildFile; fileRef = 1104D92B1AD6E69C0045BC81 /* PARTestCase.m */; };
		1104DA3D1AD6E6AD0045BC81 /* fixtures in Resources */ = {isa = PBXBuildFile; fileRef = 1104DA3C1AD6E6AD0045BC81 /* fixtures */; };
		1104DA3E1AD6E6AD0045BC81 /* fixtures in Resources */ = {isa = PBXBuildFile; fileRef = 1104DA3C1AD6E6AD0045BC81 /* fixtures */; };
		1120FC601ADDDB180034DDFB /* AppDelegate.m in Sources */ = {isa = PBXBuildFile; fileRef = 1120FC551ADDDB180034DDFB /* AppDelegate.m */; };
		1120FC611ADDDB180034DDFB /* LaunchScreen.xib in Resources */ = {isa = PBXBuildFile; fileRef = 1120FC571ADDDB180034DDFB /* LaunchScreen.xib */; };
		1120FC621ADDDB180034DDFB /* Main.storyboard in Resources */ = {isa = PBXBuildFile; fileRef = 1120FC591ADDDB180034DDFB /* Main.storyboard */; };
		1120FC631ADDDB180034DDFB /* Images.xcassets in Resources */ = {isa = PBXBuildFile; fileRef = 1120FC5B1ADDDB180034DDFB /* Images.xcassets */; };
		1120FC651ADDDB180034DDFB /* main.m in Sources */ = {isa = PBXBuildFile; fileRef = 1120FC5D1ADDDB180034DDFB /* main.m */; };
		1120FC661ADDDB180034DDFB /* ViewController.m in Sources */ = {isa = PBXBuildFile; fileRef = 1120FC5F1ADDDB180034DDFB /* ViewController.m */; };
		1120FC9F1ADDE1760034DDFB /* ASCIImage-Info.plist in Resources */ = {isa = PBXBuildFile; fileRef = 1120FC941ADDE1760034DDFB /* ASCIImage-Info.plist */; };
		1120FCA01ADDE1760034DDFB /* Credits.rtf in Resources */ = {isa = PBXBuildFile; fileRef = 1120FC961ADDE1760034DDFB /* Credits.rtf */; };
		1120FCA11ADDE1760034DDFB /* InfoPlist.strings in Resources */ = {isa = PBXBuildFile; fileRef = 1120FC981ADDE1760034DDFB /* InfoPlist.strings */; };
		1120FCA21ADDE1760034DDFB /* MainMenu.xib in Resources */ = {isa = PBXBuildFile; fileRef = 1120FC9A1ADDE1760034DDFB /* MainMenu.xib */; };
		1120FCA31ADDE1760034DDFB /* main.m in Sources */ = {isa = PBXBuildFile; fileRef = 1120FC9C1ADDE1760034DDFB /* main.m */; };
		1120FCA41ADDE1760034DDFB /* PARAppDelegate.m in Sources */ = {isa = PBXBuildFile; fileRef = 1120FC9E1ADDE1760034DDFB /* PARAppDelegate.m */; };
		112997BC1AD61E4900CFAFDE /* CoreGraphics.framework in Frameworks */ = {isa = PBXBuildFile; fileRef = 6003F58F195388D20070C39A /* CoreGraphics.framework */; };
		112997BE1AD61E4900CFAFDE /* Foundation.framework in Frameworks */ = {isa = PBXBuildFile; fileRef = 6003F58D195388D20070C39A /* Foundation.framework */; };
		112997D01AD61FB100CFAFDE /* XCTest.framework in Frameworks */ = {isa = PBXBuildFile; fileRef = 6003F5AF195388D20070C39A /* XCTest.framework */; };
		112997D21AD61FB100CFAFDE /* Foundation.framework in Frameworks */ = {isa = PBXBuildFile; fileRef = 6003F58D195388D20070C39A /* Foundation.framework */; };
		6003F5B0195388D20070C39A /* XCTest.framework in Frameworks */ = {isa = PBXBuildFile; fileRef = 6003F5AF195388D20070C39A /* XCTest.framework */; };
		6003F5B1195388D20070C39A /* Foundation.framework in Frameworks */ = {isa = PBXBuildFile; fileRef = 6003F58D195388D20070C39A /* Foundation.framework */; };
		6BE968F394D85DE3414DD9A2 /* libPods-ASCIIImage-iOS.a in Frameworks */ = {isa = PBXBuildFile; fileRef = 72D29854C536E2CECB1F3AB7 /* libPods-ASCIIImage-iOS.a */; };
		713EAB06465A21194DF86FED /* libPods-ASCIImage.a in Frameworks */ = {isa = PBXBuildFile; fileRef = 9BBAFD3334B8B20266228E67 /* libPods-ASCIImage.a */; };
		80CFB772109B2F84B2C6D88B /* libPods-ASCIImage.a in Frameworks */ = {isa = PBXBuildFile; fileRef = 9BBAFD3334B8B20266228E67 /* libPods-ASCIImage.a */; };
/* End PBXBuildFile section */

/* Begin PBXContainerItemProxy section */
		1129985F1AD61FBD00CFAFDE /* PBXContainerItemProxy */ = {
			isa = PBXContainerItemProxy;
			containerPortal = 6003F582195388D10070C39A /* Project object */;
			proxyType = 1;
			remoteGlobalIDString = 112997B61AD61E4900CFAFDE;
			remoteInfo = "App-OSX";
		};
		6003F5B3195388D20070C39A /* PBXContainerItemProxy */ = {
			isa = PBXContainerItemProxy;
			containerPortal = 6003F582195388D10070C39A /* Project object */;
			proxyType = 1;
			remoteGlobalIDString = 6003F589195388D20070C39A;
			remoteInfo = ASCIImage;
		};
/* End PBXContainerItemProxy section */

/* Begin PBXFileReference section */
		1104D89E1AD637650045BC81 /* libPods.a */ = {isa = PBXFileReference; lastKnownFileType = archive.ar; name = libPods.a; path = "Pods/../build/Debug-iphoneos/libPods.a"; sourceTree = "<group>"; };
		1104D8A11AD6E69C0045BC81 /* ASCIImageTests.m */ = {isa = PBXFileReference; fileEncoding = 4; lastKnownFileType = sourcecode.c.objc; path = ASCIImageTests.m; sourceTree = "<group>"; };
		1104D8A31AD6E69C0045BC81 /* en */ = {isa = PBXFileReference; lastKnownFileType = text.plist.strings; name = en; path = en.lproj/InfoPlist.strings; sourceTree = "<group>"; };
		1104D9281AD6E69C0045BC81 /* iOS-Tests-Info.plist */ = {isa = PBXFileReference; fileEncoding = 4; lastKnownFileType = text.plist.xml; path = "iOS-Tests-Info.plist"; sourceTree = "<group>"; };
		1104D9291AD6E69C0045BC81 /* OSX-Tests-Info.plist */ = {isa = PBXFileReference; fileEncoding = 4; lastKnownFileType = text.plist.xml; path = "OSX-Tests-Info.plist"; sourceTree = "<group>"; };
		1104D92A1AD6E69C0045BC81 /* PARTestCase.h */ = {isa = PBXFileReference; fileEncoding = 4; lastKnownFileType = sourcecode.c.h; path = PARTestCase.h; sourceTree = "<group>"; };
		1104D92B1AD6E69C0045BC81 /* PARTestCase.m */ = {isa = PBXFileReference; fileEncoding = 4; lastKnownFileType = sourcecode.c.objc; path = PARTestCase.m; sourceTree = "<group>"; };
		1104DA3C1AD6E6AD0045BC81 /* fixtures */ = {isa = PBXFileReference; lastKnownFileType = folder; path = fixtures; sourceTree = "<group>"; };
		1120FC541ADDDB180034DDFB /* AppDelegate.h */ = {isa = PBXFileReference; fileEncoding = 4; lastKnownFileType = sourcecode.c.h; path = AppDelegate.h; sourceTree = "<group>"; };
		1120FC551ADDDB180034DDFB /* AppDelegate.m */ = {isa = PBXFileReference; fileEncoding = 4; lastKnownFileType = sourcecode.c.objc; path = AppDelegate.m; sourceTree = "<group>"; };
		1120FC581ADDDB180034DDFB /* Base */ = {isa = PBXFileReference; lastKnownFileType = file.xib; name = Base; path = Base.lproj/LaunchScreen.xib; sourceTree = "<group>"; };
		1120FC5A1ADDDB180034DDFB /* Base */ = {isa = PBXFileReference; lastKnownFileType = file.storyboard; name = Base; path = Base.lproj/Main.storyboard; sourceTree = "<group>"; };
		1120FC5B1ADDDB180034DDFB /* Images.xcassets */ = {isa = PBXFileReference; lastKnownFileType = folder.assetcatalog; path = Images.xcassets; sourceTree = "<group>"; };
		1120FC5C1ADDDB180034DDFB /* Info.plist */ = {isa = PBXFileReference; fileEncoding = 4; lastKnownFileType = text.plist.xml; path = Info.plist; sourceTree = "<group>"; };
		1120FC5D1ADDDB180034DDFB /* main.m */ = {isa = PBXFileReference; fileEncoding = 4; lastKnownFileType = sourcecode.c.objc; path = main.m; sourceTree = "<group>"; };
		1120FC5E1ADDDB180034DDFB /* ViewController.h */ = {isa = PBXFileReference; fileEncoding = 4; lastKnownFileType = sourcecode.c.h; path = ViewController.h; sourceTree = "<group>"; };
		1120FC5F1ADDDB180034DDFB /* ViewController.m */ = {isa = PBXFileReference; fileEncoding = 4; lastKnownFileType = sourcecode.c.objc; path = ViewController.m; sourceTree = "<group>"; };
		1120FC7B1ADDDD560034DDFB /* libPods-ASCIImage-ASCIImage.a */ = {isa = PBXFileReference; lastKnownFileType = archive.ar; name = "libPods-ASCIImage-ASCIImage.a"; path = "../../../../../Library/Developer/Xcode/DerivedData/ASCIImage-ggqqbihzypkwqocjisdpfqscexcx/Build/Products/Debug/libPods-ASCIImage-ASCIImage.a"; sourceTree = "<group>"; };
		1120FC8F1ADDDE370034DDFB /* libPods-ASCIIImage-iOS.a */ = {isa = PBXFileReference; lastKnownFileType = archive.ar; name = "libPods-ASCIIImage-iOS.a"; path = "Pods/../build/Debug-iphoneos/libPods-ASCIIImage-iOS.a"; sourceTree = "<group>"; };
		1120FC941ADDE1760034DDFB /* ASCIImage-Info.plist */ = {isa = PBXFileReference; fileEncoding = 4; lastKnownFileType = text.plist.xml; path = "ASCIImage-Info.plist"; sourceTree = "<group>"; };
		1120FC971ADDE1760034DDFB /* en */ = {isa = PBXFileReference; lastKnownFileType = text.rtf; name = en; path = en.lproj/Credits.rtf; sourceTree = "<group>"; };
		1120FC991ADDE1760034DDFB /* en */ = {isa = PBXFileReference; lastKnownFileType = text.plist.strings; name = en; path = en.lproj/InfoPlist.strings; sourceTree = "<group>"; };
		1120FC9B1ADDE1760034DDFB /* en */ = {isa = PBXFileReference; lastKnownFileType = file.xib; name = en; path = en.lproj/MainMenu.xib; sourceTree = "<group>"; };
		1120FC9C1ADDE1760034DDFB /* main.m */ = {isa = PBXFileReference; fileEncoding = 4; lastKnownFileType = sourcecode.c.objc; path = main.m; sourceTree = "<group>"; };
		1120FC9D1ADDE1760034DDFB /* PARAppDelegate.h */ = {isa = PBXFileReference; fileEncoding = 4; lastKnownFileType = sourcecode.c.h; path = PARAppDelegate.h; sourceTree = "<group>"; };
		1120FC9E1ADDE1760034DDFB /* PARAppDelegate.m */ = {isa = PBXFileReference; fileEncoding = 4; lastKnownFileType = sourcecode.c.objc; path = PARAppDelegate.m; sourceTree = "<group>"; };
		112997C71AD61E4900CFAFDE /* ASCIImage.app */ = {isa = PBXFileReference; explicitFileType = wrapper.application; includeInIndex = 0; path = ASCIImage.app; sourceTree = BUILT_PRODUCTS_DIR; };
		1129985D1AD61FB100CFAFDE /* ASCIImageTests.xctest */ = {isa = PBXFileReference; explicitFileType = wrapper.cfbundle; includeInIndex = 0; path = ASCIImageTests.xctest; sourceTree = BUILT_PRODUCTS_DIR; };
		112998631AD630F000CFAFDE /* libPods-ASCIImage.a */ = {isa = PBXFileReference; lastKnownFileType = archive.ar; name = "libPods-ASCIImage.a"; path = "Pods/../build/Debug-iphoneos/libPods-ASCIImage.a"; sourceTree = "<group>"; };
		112998651AD630FF00CFAFDE /* libPods.a */ = {isa = PBXFileReference; lastKnownFileType = archive.ar; name = libPods.a; path = "Pods/../build/Debug-iphoneos/libPods.a"; sourceTree = "<group>"; };
		4DF47F1F0759B714A49ACBFE /* Pods-ASCIIImage-iOS.release.xcconfig */ = {isa = PBXFileReference; includeInIndex = 1; lastKnownFileType = text.xcconfig; name = "Pods-ASCIIImage-iOS.release.xcconfig"; path = "Pods/Target Support Files/Pods-ASCIIImage-iOS/Pods-ASCIIImage-iOS.release.xcconfig"; sourceTree = "<group>"; };
		6003F58A195388D20070C39A /* ASCIIImage-iOS.app */ = {isa = PBXFileReference; explicitFileType = wrapper.application; includeInIndex = 0; path = "ASCIIImage-iOS.app"; sourceTree = BUILT_PRODUCTS_DIR; };
		6003F58D195388D20070C39A /* Foundation.framework */ = {isa = PBXFileReference; lastKnownFileType = wrapper.framework; name = Foundation.framework; path = System/Library/Frameworks/Foundation.framework; sourceTree = SDKROOT; };
		6003F58F195388D20070C39A /* CoreGraphics.framework */ = {isa = PBXFileReference; lastKnownFileType = wrapper.framework; name = CoreGraphics.framework; path = System/Library/Frameworks/CoreGraphics.framework; sourceTree = SDKROOT; };
		6003F591195388D20070C39A /* UIKit.framework */ = {isa = PBXFileReference; lastKnownFileType = wrapper.framework; name = UIKit.framework; path = System/Library/Frameworks/UIKit.framework; sourceTree = SDKROOT; };
		6003F5AE195388D20070C39A /* ASCIIImage-iOSTests.xctest */ = {isa = PBXFileReference; explicitFileType = wrapper.cfbundle; includeInIndex = 0; path = "ASCIIImage-iOSTests.xctest"; sourceTree = BUILT_PRODUCTS_DIR; };
		6003F5AF195388D20070C39A /* XCTest.framework */ = {isa = PBXFileReference; lastKnownFileType = wrapper.framework; name = XCTest.framework; path = Library/Frameworks/XCTest.framework; sourceTree = DEVELOPER_DIR; };
		6AD2FFE48414D8033FF9FD0E /* README.md */ = {isa = PBXFileReference; includeInIndex = 1; lastKnownFileType = net.daringfireball.markdown; name = README.md; path = ../README.md; sourceTree = "<group>"; };
		72D29854C536E2CECB1F3AB7 /* libPods-ASCIIImage-iOS.a */ = {isa = PBXFileReference; explicitFileType = archive.ar; includeInIndex = 0; path = "libPods-ASCIIImage-iOS.a"; sourceTree = BUILT_PRODUCTS_DIR; };
		80CC167A5A3A40E1A42E8C54 /* Pods-ASCIImage.debug.xcconfig */ = {isa = PBXFileReference; includeInIndex = 1; lastKnownFileType = text.xcconfig; name = "Pods-ASCIImage.debug.xcconfig"; path = "Pods/Target Support Files/Pods-ASCIImage/Pods-ASCIImage.debug.xcconfig"; sourceTree = "<group>"; };
		9BBAFD3334B8B20266228E67 /* libPods-ASCIImage.a */ = {isa = PBXFileReference; explicitFileType = archive.ar; includeInIndex = 0; path = "libPods-ASCIImage.a"; sourceTree = BUILT_PRODUCTS_DIR; };
		B78CED3844B0A222177F9ACE /* ASCIImage.podspec */ = {isa = PBXFileReference; includeInIndex = 1; lastKnownFileType = text; name = ASCIImage.podspec; path = ../ASCIImage.podspec; sourceTree = "<group>"; };
		C838657DC51A0460E078E1A5 /* Pods-ASCIIImage-iOS.debug.xcconfig */ = {isa = PBXFileReference; includeInIndex = 1; lastKnownFileType = text.xcconfig; name = "Pods-ASCIIImage-iOS.debug.xcconfig"; path = "Pods/Target Support Files/Pods-ASCIIImage-iOS/Pods-ASCIIImage-iOS.debug.xcconfig"; sourceTree = "<group>"; };
		E4B1A2C0B96A69ABFC241A56 /* Pods-ASCIImage.release.xcconfig */ = {isa = PBXFileReference; includeInIndex = 1; lastKnownFileType = text.xcconfig; name = "Pods-ASCIImage.release.xcconfig"; path = "Pods/Target Support Files/Pods-ASCIImage/Pods-ASCIImage.release.xcconfig"; sourceTree = "<group>"; };
		E83EE219DD0801D5D8A801AF /* LICENSE */ = {isa = PBXFileReference; includeInIndex = 1; lastKnownFileType = text; name = LICENSE; path = ../LICENSE; sourceTree = "<group>"; };
/* End PBXFileReference section */

/* Begin PBXFrameworksBuildPhase section */
		112997BB1AD61E4900CFAFDE /* Frameworks */ = {
			isa = PBXFrameworksBuildPhase;
			buildActionMask = 2147483647;
			files = (
				112997BC1AD61E4900CFAFDE /* CoreGraphics.framework in Frameworks */,
				112997BE1AD61E4900CFAFDE /* Foundation.framework in Frameworks */,
				80CFB772109B2F84B2C6D88B /* libPods-ASCIImage.a in Frameworks */,
			);
			runOnlyForDeploymentPostprocessing = 0;
		};
		112997CF1AD61FB100CFAFDE /* Frameworks */ = {
			isa = PBXFrameworksBuildPhase;
			buildActionMask = 2147483647;
			files = (
				112997D01AD61FB100CFAFDE /* XCTest.framework in Frameworks */,
				112997D21AD61FB100CFAFDE /* Foundation.framework in Frameworks */,
				713EAB06465A21194DF86FED /* libPods-ASCIImage.a in Frameworks */,
			);
			runOnlyForDeploymentPostprocessing = 0;
		};
		6003F587195388D20070C39A /* Frameworks */ = {
			isa = PBXFrameworksBuildPhase;
			buildActionMask = 2147483647;
			files = (
				09BC26C98D9F957EADA9A9D9 /* libPods-ASCIIImage-iOS.a in Frameworks */,
			);
			runOnlyForDeploymentPostprocessing = 0;
		};
		6003F5AB195388D20070C39A /* Frameworks */ = {
			isa = PBXFrameworksBuildPhase;
			buildActionMask = 2147483647;
			files = (
				6003F5B0195388D20070C39A /* XCTest.framework in Frameworks */,
				6003F5B1195388D20070C39A /* Foundation.framework in Frameworks */,
				6BE968F394D85DE3414DD9A2 /* libPods-ASCIIImage-iOS.a in Frameworks */,
			);
			runOnlyForDeploymentPostprocessing = 0;
		};
/* End PBXFrameworksBuildPhase section */

/* Begin PBXGroup section */
		1104D8A01AD6E69C0045BC81 /* Tests */ = {
			isa = PBXGroup;
			children = (
				1104DA3C1AD6E6AD0045BC81 /* fixtures */,
				1104D8A11AD6E69C0045BC81 /* ASCIImageTests.m */,
				1104D8A21AD6E69C0045BC81 /* InfoPlist.strings */,
				1104D9281AD6E69C0045BC81 /* iOS-Tests-Info.plist */,
				1104D9291AD6E69C0045BC81 /* OSX-Tests-Info.plist */,
				1104D92A1AD6E69C0045BC81 /* PARTestCase.h */,
				1104D92B1AD6E69C0045BC81 /* PARTestCase.m */,
			);
			name = Tests;
			path = ../Tests;
			sourceTree = "<group>";
		};
		1120FC531ADDDB180034DDFB /* App-iOS */ = {
			isa = PBXGroup;
			children = (
				1120FC541ADDDB180034DDFB /* AppDelegate.h */,
				1120FC551ADDDB180034DDFB /* AppDelegate.m */,
				1120FC571ADDDB180034DDFB /* LaunchScreen.xib */,
				1120FC591ADDDB180034DDFB /* Main.storyboard */,
				1120FC5B1ADDDB180034DDFB /* Images.xcassets */,
				1120FC5C1ADDDB180034DDFB /* Info.plist */,
				1120FC5D1ADDDB180034DDFB /* main.m */,
				1120FC5E1ADDDB180034DDFB /* ViewController.h */,
				1120FC5F1ADDDB180034DDFB /* ViewController.m */,
			);
			name = "App-iOS";
			path = "../../App-iOS";
			sourceTree = "<group>";
		};
		1120FC931ADDE1760034DDFB /* App-OSX */ = {
			isa = PBXGroup;
			children = (
				1120FC941ADDE1760034DDFB /* ASCIImage-Info.plist */,
				1120FC961ADDE1760034DDFB /* Credits.rtf */,
				1120FC981ADDE1760034DDFB /* InfoPlist.strings */,
				1120FC9A1ADDE1760034DDFB /* MainMenu.xib */,
				1120FC9C1ADDE1760034DDFB /* main.m */,
				1120FC9D1ADDE1760034DDFB /* PARAppDelegate.h */,
				1120FC9E1ADDE1760034DDFB /* PARAppDelegate.m */,
			);
			name = "App-OSX";
			path = "../../App-OSX";
			sourceTree = "<group>";
		};
		6003F581195388D10070C39A = {
			isa = PBXGroup;
			children = (
				60FF7A9C1954A5C5007DD14C /* Podspec Metadata */,
				6003F593195388D20070C39A /* ASCIImage */,
				1104D8A01AD6E69C0045BC81 /* Tests */,
				6003F58C195388D20070C39A /* Frameworks */,
				6003F58B195388D20070C39A /* Products */,
				8BFEA2A3C6D43EB9E299FE89 /* Pods */,
			);
			sourceTree = "<group>";
		};
		6003F58B195388D20070C39A /* Products */ = {
			isa = PBXGroup;
			children = (
				6003F58A195388D20070C39A /* ASCIIImage-iOS.app */,
				6003F5AE195388D20070C39A /* ASCIIImage-iOSTests.xctest */,
				112997C71AD61E4900CFAFDE /* ASCIImage.app */,
				1129985D1AD61FB100CFAFDE /* ASCIImageTests.xctest */,
			);
			name = Products;
			sourceTree = "<group>";
		};
		6003F58C195388D20070C39A /* Frameworks */ = {
			isa = PBXGroup;
			children = (
				1120FC8F1ADDDE370034DDFB /* libPods-ASCIIImage-iOS.a */,
				1120FC7B1ADDDD560034DDFB /* libPods-ASCIImage-ASCIImage.a */,
				1104D89E1AD637650045BC81 /* libPods.a */,
				112998651AD630FF00CFAFDE /* libPods.a */,
				112998631AD630F000CFAFDE /* libPods-ASCIImage.a */,
				6003F58D195388D20070C39A /* Foundation.framework */,
				6003F58F195388D20070C39A /* CoreGraphics.framework */,
				6003F591195388D20070C39A /* UIKit.framework */,
				6003F5AF195388D20070C39A /* XCTest.framework */,
				72D29854C536E2CECB1F3AB7 /* libPods-ASCIIImage-iOS.a */,
				9BBAFD3334B8B20266228E67 /* libPods-ASCIImage.a */,
			);
			name = Frameworks;
			sourceTree = "<group>";
		};
		6003F593195388D20070C39A /* ASCIImage */ = {
			isa = PBXGroup;
			children = (
				1120FC931ADDE1760034DDFB /* App-OSX */,
				1120FC531ADDDB180034DDFB /* App-iOS */,
			);
			path = ASCIImage;
			sourceTree = "<group>";
		};
		60FF7A9C1954A5C5007DD14C /* Podspec Metadata */ = {
			isa = PBXGroup;
			children = (
				B78CED3844B0A222177F9ACE /* ASCIImage.podspec */,
				6AD2FFE48414D8033FF9FD0E /* README.md */,
				E83EE219DD0801D5D8A801AF /* LICENSE */,
			);
			name = "Podspec Metadata";
			sourceTree = "<group>";
		};
		8BFEA2A3C6D43EB9E299FE89 /* Pods */ = {
			isa = PBXGroup;
			children = (
				C838657DC51A0460E078E1A5 /* Pods-ASCIIImage-iOS.debug.xcconfig */,
				4DF47F1F0759B714A49ACBFE /* Pods-ASCIIImage-iOS.release.xcconfig */,
				80CC167A5A3A40E1A42E8C54 /* Pods-ASCIImage.debug.xcconfig */,
				E4B1A2C0B96A69ABFC241A56 /* Pods-ASCIImage.release.xcconfig */,
			);
			name = Pods;
			sourceTree = "<group>";
		};
/* End PBXGroup section */

/* Begin PBXNativeTarget section */
		112997B61AD61E4900CFAFDE /* ASCIImage */ = {
			isa = PBXNativeTarget;
			buildConfigurationList = 112997C41AD61E4900CFAFDE /* Build configuration list for PBXNativeTarget "ASCIImage" */;
			buildPhases = (
				E173D448CE5A4CB306DC9347 /* Check Pods Manifest.lock */,
				112997B71AD61E4900CFAFDE /* Sources */,
				112997BB1AD61E4900CFAFDE /* Frameworks */,
				112997BF1AD61E4900CFAFDE /* Resources */,
				14D3666B303470F989C2EE53 /* Copy Pods Resources */,
			);
			buildRules = (
			);
			dependencies = (
			);
			name = ASCIImage;
			productName = ASCIImage;
			productReference = 112997C71AD61E4900CFAFDE /* ASCIImage.app */;
			productType = "com.apple.product-type.application";
		};
		112997C91AD61FB100CFAFDE /* ASCIImageTests */ = {
			isa = PBXNativeTarget;
			buildConfigurationList = 1129985A1AD61FB100CFAFDE /* Build configuration list for PBXNativeTarget "ASCIImageTests" */;
			buildPhases = (
				D725477D468C245D87396014 /* Check Pods Manifest.lock */,
				112997CC1AD61FB100CFAFDE /* Sources */,
				112997CF1AD61FB100CFAFDE /* Frameworks */,
				112997D31AD61FB100CFAFDE /* Resources */,
				77B3DFDA3B76E0F11E433BEE /* Copy Pods Resources */,
			);
			buildRules = (
			);
			dependencies = (
				112998601AD61FBD00CFAFDE /* PBXTargetDependency */,
			);
			name = ASCIImageTests;
			productName = ASCIImageTests;
			productReference = 1129985D1AD61FB100CFAFDE /* ASCIImageTests.xctest */;
			productType = "com.apple.product-type.bundle.unit-test";
		};
		6003F589195388D20070C39A /* ASCIIImage-iOS */ = {
			isa = PBXNativeTarget;
			buildConfigurationList = 6003F5BF195388D20070C39A /* Build configuration list for PBXNativeTarget "ASCIIImage-iOS" */;
			buildPhases = (
				599B534531478610950946F7 /* Check Pods Manifest.lock */,
				6003F586195388D20070C39A /* Sources */,
				6003F587195388D20070C39A /* Frameworks */,
				6003F588195388D20070C39A /* Resources */,
				B3AF286AB63DBBCD692CE73E /* Copy Pods Resources */,
			);
			buildRules = (
			);
			dependencies = (
			);
			name = "ASCIIImage-iOS";
			productName = ASCIImage;
			productReference = 6003F58A195388D20070C39A /* ASCIIImage-iOS.app */;
			productType = "com.apple.product-type.application";
		};
		6003F5AD195388D20070C39A /* ASCIIImage-iOSTests */ = {
			isa = PBXNativeTarget;
			buildConfigurationList = 6003F5C2195388D20070C39A /* Build configuration list for PBXNativeTarget "ASCIIImage-iOSTests" */;
			buildPhases = (
				81BAA16197C45DA0A30C288C /* Check Pods Manifest.lock */,
				6003F5AA195388D20070C39A /* Sources */,
				6003F5AB195388D20070C39A /* Frameworks */,
				6003F5AC195388D20070C39A /* Resources */,
				071398D848809E1D8AE5CE64 /* Copy Pods Resources */,
			);
			buildRules = (
			);
			dependencies = (
				6003F5B4195388D20070C39A /* PBXTargetDependency */,
			);
			name = "ASCIIImage-iOSTests";
			productName = ASCIImageTests;
			productReference = 6003F5AE195388D20070C39A /* ASCIIImage-iOSTests.xctest */;
			productType = "com.apple.product-type.bundle.unit-test";
		};
/* End PBXNativeTarget section */

/* Begin PBXProject section */
		6003F582195388D10070C39A /* Project object */ = {
			isa = PBXProject;
			attributes = {
				CLASSPREFIX = PAR;
				LastUpgradeCheck = 0510;
				ORGANIZATIONNAME = "";
				TargetAttributes = {
					112997C91AD61FB100CFAFDE = {
						TestTargetID = 112997B61AD61E4900CFAFDE;
					};
					6003F5AD195388D20070C39A = {
						TestTargetID = 6003F589195388D20070C39A;
					};
				};
			};
			buildConfigurationList = 6003F585195388D10070C39A /* Build configuration list for PBXProject "ASCIImage" */;
			compatibilityVersion = "Xcode 3.2";
			developmentRegion = English;
			hasScannedForEncodings = 0;
			knownRegions = (
				en,
				Base,
			);
			mainGroup = 6003F581195388D10070C39A;
			productRefGroup = 6003F58B195388D20070C39A /* Products */;
			projectDirPath = "";
			projectRoot = "";
			targets = (
				112997B61AD61E4900CFAFDE /* ASCIImage */,
				112997C91AD61FB100CFAFDE /* ASCIImageTests */,
				6003F589195388D20070C39A /* ASCIIImage-iOS */,
				6003F5AD195388D20070C39A /* ASCIIImage-iOSTests */,
			);
		};
/* End PBXProject section */

/* Begin PBXResourcesBuildPhase section */
		112997BF1AD61E4900CFAFDE /* Resources */ = {
			isa = PBXResourcesBuildPhase;
			buildActionMask = 2147483647;
			files = (
				1120FC9F1ADDE1760034DDFB /* ASCIImage-Info.plist in Resources */,
				1120FCA11ADDE1760034DDFB /* InfoPlist.strings in Resources */,
				1120FCA01ADDE1760034DDFB /* Credits.rtf in Resources */,
				1120FCA21ADDE1760034DDFB /* MainMenu.xib in Resources */,
			);
			runOnlyForDeploymentPostprocessing = 0;
		};
		112997D31AD61FB100CFAFDE /* Resources */ = {
			isa = PBXResourcesBuildPhase;
			buildActionMask = 2147483647;
			files = (
				1104DA381AD6E69C0045BC81 /* OSX-Tests-Info.plist in Resources */,
				1104DA361AD6E69C0045BC81 /* iOS-Tests-Info.plist in Resources */,
				1104DA3D1AD6E6AD0045BC81 /* fixtures in Resources */,
				1104D92E1AD6E69C0045BC81 /* InfoPlist.strings in Resources */,
			);
			runOnlyForDeploymentPostprocessing = 0;
		};
		6003F588195388D20070C39A /* Resources */ = {
			isa = PBXResourcesBuildPhase;
			buildActionMask = 2147483647;
			files = (
				1120FC631ADDDB180034DDFB /* Images.xcassets in Resources */,
				1120FC611ADDDB180034DDFB /* LaunchScreen.xib in Resources */,
				1120FC621ADDDB180034DDFB /* Main.storyboard in Resources */,
			);
			runOnlyForDeploymentPostprocessing = 0;
		};
		6003F5AC195388D20070C39A /* Resources */ = {
			isa = PBXResourcesBuildPhase;
			buildActionMask = 2147483647;
			files = (
				1104DA391AD6E69C0045BC81 /* OSX-Tests-Info.plist in Resources */,
				1104DA371AD6E69C0045BC81 /* iOS-Tests-Info.plist in Resources */,
				1104DA3E1AD6E6AD0045BC81 /* fixtures in Resources */,
				1104D92F1AD6E69C0045BC81 /* InfoPlist.strings in Resources */,
			);
			runOnlyForDeploymentPostprocessing = 0;
		};
/* End PBXResourcesBuildPhase section */

/* Begin PBXShellScriptBuildPhase section */
		071398D848809E1D8AE5CE64 /* Copy Pods Resources */ = {
			isa = PBXShellScriptBuildPhase;
			buildActionMask = 2147483647;
			files = (
			);
			inputPaths = (
			);
			name = "Copy Pods Resources";
			outputPaths = (
			);
			runOnlyForDeploymentPostprocessing = 0;
			shellPath = /bin/sh;
			shellScript = "\"${SRCROOT}/Pods/Target Support Files/Pods-ASCIIImage-iOS/Pods-ASCIIImage-iOS-resources.sh\"\n";
			showEnvVarsInLog = 0;
		};
		14D3666B303470F989C2EE53 /* Copy Pods Resources */ = {
			isa = PBXShellScriptBuildPhase;
			buildActionMask = 2147483647;
			files = (
			);
			inputPaths = (
			);
			name = "Copy Pods Resources";
			outputPaths = (
			);
			runOnlyForDeploymentPostprocessing = 0;
			shellPath = /bin/sh;
			shellScript = "\"${SRCROOT}/Pods/Target Support Files/Pods-ASCIImage/Pods-ASCIImage-resources.sh\"\n";
			showEnvVarsInLog = 0;
		};
		599B534531478610950946F7 /* Check Pods Manifest.lock */ = {
			isa = PBXShellScriptBuildPhase;
			buildActionMask = 2147483647;
			files = (
			);
			inputPaths = (
			);
			name = "Check Pods Manifest.lock";
			outputPaths = (
			);
			runOnlyForDeploymentPostprocessing = 0;
			shellPath = /bin/sh;
			shellScript = "diff \"${PODS_ROOT}/../Podfile.lock\" \"${PODS_ROOT}/Manifest.lock\" > /dev/null\nif [[ $? != 0 ]] ; then\n    cat << EOM\nerror: The sandbox is not in sync with the Podfile.lock. Run 'pod install' or update your CocoaPods installation.\nEOM\n    exit 1\nfi\n";
			showEnvVarsInLog = 0;
		};
		77B3DFDA3B76E0F11E433BEE /* Copy Pods Resources */ = {
			isa = PBXShellScriptBuildPhase;
			buildActionMask = 2147483647;
			files = (
			);
			inputPaths = (
			);
			name = "Copy Pods Resources";
			outputPaths = (
			);
			runOnlyForDeploymentPostprocessing = 0;
			shellPath = /bin/sh;
			shellScript = "\"${SRCROOT}/Pods/Target Support Files/Pods-ASCIImage/Pods-ASCIImage-resources.sh\"\n";
			showEnvVarsInLog = 0;
		};
		81BAA16197C45DA0A30C288C /* Check Pods Manifest.lock */ = {
			isa = PBXShellScriptBuildPhase;
			buildActionMask = 2147483647;
			files = (
			);
			inputPaths = (
			);
			name = "Check Pods Manifest.lock";
			outputPaths = (
			);
			runOnlyForDeploymentPostprocessing = 0;
			shellPath = /bin/sh;
			shellScript = "diff \"${PODS_ROOT}/../Podfile.lock\" \"${PODS_ROOT}/Manifest.lock\" > /dev/null\nif [[ $? != 0 ]] ; then\n    cat << EOM\nerror: The sandbox is not in sync with the Podfile.lock. Run 'pod install' or update your CocoaPods installation.\nEOM\n    exit 1\nfi\n";
			showEnvVarsInLog = 0;
		};
		B3AF286AB63DBBCD692CE73E /* Copy Pods Resources */ = {
			isa = PBXShellScriptBuildPhase;
			buildActionMask = 2147483647;
			files = (
			);
			inputPaths = (
			);
			name = "Copy Pods Resources";
			outputPaths = (
			);
			runOnlyForDeploymentPostprocessing = 0;
			shellPath = /bin/sh;
			shellScript = "\"${SRCROOT}/Pods/Target Support Files/Pods-ASCIIImage-iOS/Pods-ASCIIImage-iOS-resources.sh\"\n";
			showEnvVarsInLog = 0;
		};
		D725477D468C245D87396014 /* Check Pods Manifest.lock */ = {
			isa = PBXShellScriptBuildPhase;
			buildActionMask = 2147483647;
			files = (
			);
			inputPaths = (
			);
			name = "Check Pods Manifest.lock";
			outputPaths = (
			);
			runOnlyForDeploymentPostprocessing = 0;
			shellPath = /bin/sh;
			shellScript = "diff \"${PODS_ROOT}/../Podfile.lock\" \"${PODS_ROOT}/Manifest.lock\" > /dev/null\nif [[ $? != 0 ]] ; then\n    cat << EOM\nerror: The sandbox is not in sync with the Podfile.lock. Run 'pod install' or update your CocoaPods installation.\nEOM\n    exit 1\nfi\n";
			showEnvVarsInLog = 0;
		};
		E173D448CE5A4CB306DC9347 /* Check Pods Manifest.lock */ = {
			isa = PBXShellScriptBuildPhase;
			buildActionMask = 2147483647;
			files = (
			);
			inputPaths = (
			);
			name = "Check Pods Manifest.lock";
			outputPaths = (
			);
			runOnlyForDeploymentPostprocessing = 0;
			shellPath = /bin/sh;
			shellScript = "diff \"${PODS_ROOT}/../Podfile.lock\" \"${PODS_ROOT}/Manifest.lock\" > /dev/null\nif [[ $? != 0 ]] ; then\n    cat << EOM\nerror: The sandbox is not in sync with the Podfile.lock. Run 'pod install' or update your CocoaPods installation.\nEOM\n    exit 1\nfi\n";
			showEnvVarsInLog = 0;
		};
/* End PBXShellScriptBuildPhase section */

/* Begin PBXSourcesBuildPhase section */
		112997B71AD61E4900CFAFDE /* Sources */ = {
			isa = PBXSourcesBuildPhase;
			buildActionMask = 2147483647;
			files = (
				1120FCA41ADDE1760034DDFB /* PARAppDelegate.m in Sources */,
				1120FCA31ADDE1760034DDFB /* main.m in Sources */,
			);
			runOnlyForDeploymentPostprocessing = 0;
		};
		112997CC1AD61FB100CFAFDE /* Sources */ = {
			isa = PBXSourcesBuildPhase;
			buildActionMask = 2147483647;
			files = (
				1104D92C1AD6E69C0045BC81 /* ASCIImageTests.m in Sources */,
				1104DA3A1AD6E69C0045BC81 /* PARTestCase.m in Sources */,
			);
			runOnlyForDeploymentPostprocessing = 0;
		};
		6003F586195388D20070C39A /* Sources */ = {
			isa = PBXSourcesBuildPhase;
			buildActionMask = 2147483647;
			files = (
				1120FC661ADDDB180034DDFB /* ViewController.m in Sources */,
				1120FC651ADDDB180034DDFB /* main.m in Sources */,
				1120FC601ADDDB180034DDFB /* AppDelegate.m in Sources */,
			);
			runOnlyForDeploymentPostprocessing = 0;
		};
		6003F5AA195388D20070C39A /* Sources */ = {
			isa = PBXSourcesBuildPhase;
			buildActionMask = 2147483647;
			files = (
				1104D92D1AD6E69C0045BC81 /* ASCIImageTests.m in Sources */,
				1104DA3B1AD6E69C0045BC81 /* PARTestCase.m in Sources */,
			);
			runOnlyForDeploymentPostprocessing = 0;
		};
/* End PBXSourcesBuildPhase section */

/* Begin PBXTargetDependency section */
		112998601AD61FBD00CFAFDE /* PBXTargetDependency */ = {
			isa = PBXTargetDependency;
			target = 112997B61AD61E4900CFAFDE /* ASCIImage */;
			targetProxy = 1129985F1AD61FBD00CFAFDE /* PBXContainerItemProxy */;
		};
		6003F5B4195388D20070C39A /* PBXTargetDependency */ = {
			isa = PBXTargetDependency;
			target = 6003F589195388D20070C39A /* ASCIIImage-iOS */;
			targetProxy = 6003F5B3195388D20070C39A /* PBXContainerItemProxy */;
		};
/* End PBXTargetDependency section */

/* Begin PBXVariantGroup section */
		1104D8A21AD6E69C0045BC81 /* InfoPlist.strings */ = {
			isa = PBXVariantGroup;
			children = (
				1104D8A31AD6E69C0045BC81 /* en */,
			);
			name = InfoPlist.strings;
			sourceTree = "<group>";
		};
		1120FC571ADDDB180034DDFB /* LaunchScreen.xib */ = {
			isa = PBXVariantGroup;
			children = (
				1120FC581ADDDB180034DDFB /* Base */,
			);
			name = LaunchScreen.xib;
			sourceTree = "<group>";
		};
		1120FC591ADDDB180034DDFB /* Main.storyboard */ = {
			isa = PBXVariantGroup;
			children = (
				1120FC5A1ADDDB180034DDFB /* Base */,
			);
			name = Main.storyboard;
			sourceTree = "<group>";
		};
		1120FC961ADDE1760034DDFB /* Credits.rtf */ = {
			isa = PBXVariantGroup;
			children = (
				1120FC971ADDE1760034DDFB /* en */,
			);
			name = Credits.rtf;
			sourceTree = "<group>";
		};
		1120FC981ADDE1760034DDFB /* InfoPlist.strings */ = {
			isa = PBXVariantGroup;
			children = (
				1120FC991ADDE1760034DDFB /* en */,
			);
			name = InfoPlist.strings;
			sourceTree = "<group>";
		};
		1120FC9A1ADDE1760034DDFB /* MainMenu.xib */ = {
			isa = PBXVariantGroup;
			children = (
				1120FC9B1ADDE1760034DDFB /* en */,
			);
			name = MainMenu.xib;
			sourceTree = "<group>";
		};
/* End PBXVariantGroup section */

/* Begin XCBuildConfiguration section */
		112997C51AD61E4900CFAFDE /* Debug */ = {
			isa = XCBuildConfiguration;
			baseConfigurationReference = 80CC167A5A3A40E1A42E8C54 /* Pods-ASCIImage.debug.xcconfig */;
			buildSettings = {
				ARCHS = "$(ARCHS_STANDARD)";
				CODE_SIGN_IDENTITY = "";
				GCC_PRECOMPILE_PREFIX_HEADER = YES;
				GCC_PREFIX_HEADER = "";
				INFOPLIST_FILE = "$(SRCROOT)/../App-OSX/ASCIImage-Info.plist";
				LIBRARY_SEARCH_PATHS = (
					"$(inherited)",
					"$(PROJECT_DIR)/build/Debug",
					"$(USER_LIBRARY_DIR)/Developer/Xcode/DerivedData/ASCIImage-ggqqbihzypkwqocjisdpfqscexcx/Build/Products/Debug",
				);
				PRODUCT_NAME = ASCIImage;
				SDKROOT = macosx;
				WRAPPER_EXTENSION = app;
			};
			name = Debug;
		};
		112997C61AD61E4900CFAFDE /* Release */ = {
			isa = XCBuildConfiguration;
			baseConfigurationReference = E4B1A2C0B96A69ABFC241A56 /* Pods-ASCIImage.release.xcconfig */;
			buildSettings = {
				ARCHS = "$(ARCHS_STANDARD)";
				CODE_SIGN_IDENTITY = "";
				GCC_PRECOMPILE_PREFIX_HEADER = YES;
				GCC_PREFIX_HEADER = "";
				INFOPLIST_FILE = "$(SRCROOT)/../App-OSX/ASCIImage-Info.plist";
				LIBRARY_SEARCH_PATHS = (
					"$(inherited)",
					"$(PROJECT_DIR)/build/Debug",
					"$(USER_LIBRARY_DIR)/Developer/Xcode/DerivedData/ASCIImage-ggqqbihzypkwqocjisdpfqscexcx/Build/Products/Debug",
				);
				PRODUCT_NAME = ASCIImage;
				SDKROOT = macosx;
				WRAPPER_EXTENSION = app;
			};
			name = Release;
		};
		1129985B1AD61FB100CFAFDE /* Debug */ = {
			isa = XCBuildConfiguration;
			baseConfigurationReference = 80CC167A5A3A40E1A42E8C54 /* Pods-ASCIImage.debug.xcconfig */;
			buildSettings = {
				BUNDLE_LOADER = "";
				CLANG_ENABLE_MODULES = NO;
				CLANG_WARN_BOOL_CONVERSION = NO;
				CLANG_WARN_DIRECT_OBJC_ISA_USAGE = YES;
				CLANG_WARN_OBJC_ROOT_CLASS = YES;
				COMBINE_HIDPI_IMAGES = YES;
				FRAMEWORK_SEARCH_PATHS = (
					"$(PLATFORM_DIR)/Developer/Library/Frameworks",
					"$(inherited)",
				);
				GCC_PRECOMPILE_PREFIX_HEADER = YES;
				GCC_PREFIX_HEADER = "";
				GCC_PREPROCESSOR_DEFINITIONS = (
					"DEBUG=1",
					"$(inherited)",
				);
				GCC_WARN_UNDECLARED_SELECTOR = NO;
				GCC_WARN_UNINITIALIZED_AUTOS = YES;
				GCC_WARN_UNUSED_FUNCTION = NO;
				INFOPLIST_FILE = "../Tests/OSX-Tests-Info.plist";
				LIBRARY_SEARCH_PATHS = "$(inherited)";
				PRODUCT_NAME = ASCIImageTests;
				SDKROOT = macosx;
				TEST_HOST = "$(BUNDLE_LOADER)";
				VALIDATE_PRODUCT = NO;
				WRAPPER_EXTENSION = xctest;
			};
			name = Debug;
		};
		1129985C1AD61FB100CFAFDE /* Release */ = {
			isa = XCBuildConfiguration;
			baseConfigurationReference = E4B1A2C0B96A69ABFC241A56 /* Pods-ASCIImage.release.xcconfig */;
			buildSettings = {
				BUNDLE_LOADER = "";
				CLANG_ENABLE_MODULES = NO;
				CLANG_WARN_BOOL_CONVERSION = NO;
				CLANG_WARN_DIRECT_OBJC_ISA_USAGE = YES;
				CLANG_WARN_OBJC_ROOT_CLASS = YES;
				COMBINE_HIDPI_IMAGES = YES;
				FRAMEWORK_SEARCH_PATHS = (
					"$(PLATFORM_DIR)/Developer/Library/Frameworks",
					"$(inherited)",
				);
				GCC_PRECOMPILE_PREFIX_HEADER = YES;
				GCC_PREFIX_HEADER = "";
				GCC_WARN_UNDECLARED_SELECTOR = NO;
				GCC_WARN_UNINITIALIZED_AUTOS = YES;
				GCC_WARN_UNUSED_FUNCTION = NO;
				INFOPLIST_FILE = "../Tests/OSX-Tests-Info.plist";
				LIBRARY_SEARCH_PATHS = "$(inherited)";
				PRODUCT_NAME = ASCIImageTests;
				SDKROOT = macosx;
				TEST_HOST = "$(BUNDLE_LOADER)";
				VALIDATE_PRODUCT = NO;
				WRAPPER_EXTENSION = xctest;
			};
			name = Release;
		};
		6003F5BD195388D20070C39A /* Debug */ = {
			isa = XCBuildConfiguration;
			buildSettings = {
				ALWAYS_SEARCH_USER_PATHS = NO;
				CLANG_CXX_LANGUAGE_STANDARD = "gnu++0x";
				CLANG_CXX_LIBRARY = "libc++";
				CLANG_ENABLE_MODULES = YES;
				CLANG_ENABLE_OBJC_ARC = YES;
				CLANG_WARN_BOOL_CONVERSION = YES;
				CLANG_WARN_CONSTANT_CONVERSION = YES;
				CLANG_WARN_DIRECT_OBJC_ISA_USAGE = YES_ERROR;
				CLANG_WARN_EMPTY_BODY = YES;
				CLANG_WARN_ENUM_CONVERSION = YES;
				CLANG_WARN_INT_CONVERSION = YES;
				CLANG_WARN_OBJC_ROOT_CLASS = YES_ERROR;
				CLANG_WARN__DUPLICATE_METHOD_MATCH = YES;
				"CODE_SIGN_IDENTITY[sdk=iphoneos*]" = "iPhone Developer";
				COPY_PHASE_STRIP = NO;
				GCC_C_LANGUAGE_STANDARD = gnu99;
				GCC_DYNAMIC_NO_PIC = NO;
				GCC_OPTIMIZATION_LEVEL = 0;
				GCC_PREPROCESSOR_DEFINITIONS = (
					"DEBUG=1",
					"$(inherited)",
				);
				GCC_SYMBOLS_PRIVATE_EXTERN = NO;
				GCC_WARN_64_TO_32_BIT_CONVERSION = YES;
				GCC_WARN_ABOUT_RETURN_TYPE = YES_ERROR;
				GCC_WARN_UNDECLARED_SELECTOR = YES;
				GCC_WARN_UNINITIALIZED_AUTOS = YES_AGGRESSIVE;
				GCC_WARN_UNUSED_FUNCTION = YES;
				GCC_WARN_UNUSED_VARIABLE = YES;
				IPHONEOS_DEPLOYMENT_TARGET = 7.1;
				MACOSX_DEPLOYMENT_TARGET = 10.9;
				ONLY_ACTIVE_ARCH = YES;
				SDKROOT = macosx;
				TARGETED_DEVICE_FAMILY = "1,2";
			};
			name = Debug;
		};
		6003F5BE195388D20070C39A /* Release */ = {
			isa = XCBuildConfiguration;
			buildSettings = {
				ALWAYS_SEARCH_USER_PATHS = NO;
				CLANG_CXX_LANGUAGE_STANDARD = "gnu++0x";
				CLANG_CXX_LIBRARY = "libc++";
				CLANG_ENABLE_MODULES = YES;
				CLANG_ENABLE_OBJC_ARC = YES;
				CLANG_WARN_BOOL_CONVERSION = YES;
				CLANG_WARN_CONSTANT_CONVERSION = YES;
				CLANG_WARN_DIRECT_OBJC_ISA_USAGE = YES_ERROR;
				CLANG_WARN_EMPTY_BODY = YES;
				CLANG_WARN_ENUM_CONVERSION = YES;
				CLANG_WARN_INT_CONVERSION = YES;
				CLANG_WARN_OBJC_ROOT_CLASS = YES_ERROR;
				CLANG_WARN__DUPLICATE_METHOD_MATCH = YES;
				"CODE_SIGN_IDENTITY[sdk=iphoneos*]" = "iPhone Developer";
				COPY_PHASE_STRIP = YES;
				ENABLE_NS_ASSERTIONS = NO;
				GCC_C_LANGUAGE_STANDARD = gnu99;
				GCC_WARN_64_TO_32_BIT_CONVERSION = YES;
				GCC_WARN_ABOUT_RETURN_TYPE = YES_ERROR;
				GCC_WARN_UNDECLARED_SELECTOR = YES;
				GCC_WARN_UNINITIALIZED_AUTOS = YES_AGGRESSIVE;
				GCC_WARN_UNUSED_FUNCTION = YES;
				GCC_WARN_UNUSED_VARIABLE = YES;
				IPHONEOS_DEPLOYMENT_TARGET = 7.1;
				MACOSX_DEPLOYMENT_TARGET = 10.9;
				SDKROOT = macosx;
				TARGETED_DEVICE_FAMILY = "1,2";
				VALIDATE_PRODUCT = YES;
			};
			name = Release;
		};
		6003F5C0195388D20070C39A /* Debug */ = {
			isa = XCBuildConfiguration;
			baseConfigurationReference = C838657DC51A0460E078E1A5 /* Pods-ASCIIImage-iOS.debug.xcconfig */;
			buildSettings = {
				ASSETCATALOG_COMPILER_APPICON_NAME = AppIcon;
				ASSETCATALOG_COMPILER_LAUNCHIMAGE_NAME = "";
				CLANG_WARN_UNREACHABLE_CODE = YES;
				CODE_SIGN_IDENTITY = "iPhone Developer";
				ENABLE_STRICT_OBJC_MSGSEND = YES;
				GCC_PRECOMPILE_PREFIX_HEADER = YES;
				GCC_PREFIX_HEADER = "";
				INFOPLIST_FILE = "$(SRCROOT)/../App-iOS/Info.plist";
				IPHONEOS_DEPLOYMENT_TARGET = 8.1;
				LD_RUNPATH_SEARCH_PATHS = "$(inherited) @executable_path/Frameworks";
				MTL_ENABLE_DEBUG_INFO = YES;
				PRODUCT_NAME = "$(TARGET_NAME)";
				SDKROOT = iphoneos;
				WRAPPER_EXTENSION = app;
			};
			name = Debug;
		};
		6003F5C1195388D20070C39A /* Release */ = {
			isa = XCBuildConfiguration;
			baseConfigurationReference = 4DF47F1F0759B714A49ACBFE /* Pods-ASCIIImage-iOS.release.xcconfig */;
			buildSettings = {
				ASSETCATALOG_COMPILER_APPICON_NAME = AppIcon;
				ASSETCATALOG_COMPILER_LAUNCHIMAGE_NAME = "";
				CLANG_WARN_UNREACHABLE_CODE = YES;
				CODE_SIGN_IDENTITY = "iPhone Developer";
				ENABLE_STRICT_OBJC_MSGSEND = YES;
				GCC_PRECOMPILE_PREFIX_HEADER = YES;
				GCC_PREFIX_HEADER = "";
				INFOPLIST_FILE = "$(SRCROOT)/../App-iOS/Info.plist";
				IPHONEOS_DEPLOYMENT_TARGET = 8.1;
				LD_RUNPATH_SEARCH_PATHS = "$(inherited) @executable_path/Frameworks";
				MTL_ENABLE_DEBUG_INFO = NO;
				PRODUCT_NAME = "$(TARGET_NAME)";
				SDKROOT = iphoneos;
				WRAPPER_EXTENSION = app;
			};
			name = Release;
		};
		6003F5C3195388D20070C39A /* Debug */ = {
			isa = XCBuildConfiguration;
			baseConfigurationReference = C838657DC51A0460E078E1A5 /* Pods-ASCIIImage-iOS.debug.xcconfig */;
			buildSettings = {
				BUNDLE_LOADER = "$(BUILT_PRODUCTS_DIR)/ASCIIImage-iOS.app/ASCIIImage-iOS";
				CLANG_WARN_UNREACHABLE_CODE = YES;
				CODE_SIGN_IDENTITY = "iPhone Developer";
				ENABLE_STRICT_OBJC_MSGSEND = YES;
				FRAMEWORK_SEARCH_PATHS = (
					"$(SDKROOT)/Developer/Library/Frameworks",
					"$(inherited)",
				);
				GCC_PRECOMPILE_PREFIX_HEADER = YES;
				GCC_PREFIX_HEADER = "";
				GCC_PREPROCESSOR_DEFINITIONS = (
					"DEBUG=1",
					"$(inherited)",
				);
				INFOPLIST_FILE = "../Tests/iOS-Tests-Info.plist";
				IPHONEOS_DEPLOYMENT_TARGET = 8.1;
				LD_RUNPATH_SEARCH_PATHS = "@executable_path/Frameworks $(inherited) @loader_path/Frameworks";
				MTL_ENABLE_DEBUG_INFO = YES;
				PRODUCT_NAME = "$(TARGET_NAME)";
				SDKROOT = iphoneos;
				TARGETED_DEVICE_FAMILY = 1;
				TEST_HOST = "$(BUNDLE_LOADER)";
				WRAPPER_EXTENSION = xctest;
			};
			name = Debug;
		};
		6003F5C4195388D20070C39A /* Release */ = {
			isa = XCBuildConfiguration;
			baseConfigurationReference = 4DF47F1F0759B714A49ACBFE /* Pods-ASCIIImage-iOS.release.xcconfig */;
			buildSettings = {
				BUNDLE_LOADER = "$(BUILT_PRODUCTS_DIR)/ASCIIImage-iOS.app/ASCIIImage-iOS";
				CLANG_WARN_UNREACHABLE_CODE = YES;
				CODE_SIGN_IDENTITY = "iPhone Developer";
				ENABLE_STRICT_OBJC_MSGSEND = YES;
				FRAMEWORK_SEARCH_PATHS = (
					"$(SDKROOT)/Developer/Library/Frameworks",
					"$(inherited)",
				);
				GCC_PRECOMPILE_PREFIX_HEADER = YES;
				GCC_PREFIX_HEADER = "";
				INFOPLIST_FILE = "../Tests/iOS-Tests-Info.plist";
				IPHONEOS_DEPLOYMENT_TARGET = 8.1;
				LD_RUNPATH_SEARCH_PATHS = "@executable_path/Frameworks $(inherited) @loader_path/Frameworks";
				MTL_ENABLE_DEBUG_INFO = NO;
				PRODUCT_NAME = "$(TARGET_NAME)";
				SDKROOT = iphoneos;
				TARGETED_DEVICE_FAMILY = 1;
				TEST_HOST = "$(BUNDLE_LOADER)";
				WRAPPER_EXTENSION = xctest;
			};
			name = Release;
		};
/* End XCBuildConfiguration section */

/* Begin XCConfigurationList section */
		112997C41AD61E4900CFAFDE /* Build configuration list for PBXNativeTarget "ASCIImage" */ = {
			isa = XCConfigurationList;
			buildConfigurations = (
				112997C51AD61E4900CFAFDE /* Debug */,
				112997C61AD61E4900CFAFDE /* Release */,
			);
			defaultConfigurationIsVisible = 0;
			defaultConfigurationName = Release;
		};
		1129985A1AD61FB100CFAFDE /* Build configuration list for PBXNativeTarget "ASCIImageTests" */ = {
			isa = XCConfigurationList;
			buildConfigurations = (
				1129985B1AD61FB100CFAFDE /* Debug */,
				1129985C1AD61FB100CFAFDE /* Release */,
			);
			defaultConfigurationIsVisible = 0;
			defaultConfigurationName = Release;
		};
		6003F585195388D10070C39A /* Build configuration list for PBXProject "ASCIImage" */ = {
			isa = XCConfigurationList;
			buildConfigurations = (
				6003F5BD195388D20070C39A /* Debug */,
				6003F5BE195388D20070C39A /* Release */,
			);
			defaultConfigurationIsVisible = 0;
			defaultConfigurationName = Release;
		};
		6003F5BF195388D20070C39A /* Build configuration list for PBXNativeTarget "ASCIIImage-iOS" */ = {
			isa = XCConfigurationList;
			buildConfigurations = (
				6003F5C0195388D20070C39A /* Debug */,
				6003F5C1195388D20070C39A /* Release */,
			);
			defaultConfigurationIsVisible = 0;
			defaultConfigurationName = Release;
		};
		6003F5C2195388D20070C39A /* Build configuration list for PBXNativeTarget "ASCIIImage-iOSTests" */ = {
			isa = XCConfigurationList;
			buildConfigurations = (
				6003F5C3195388D20070C39A /* Debug */,
				6003F5C4195388D20070C39A /* Release */,
			);
			defaultConfigurationIsVisible = 0;
			defaultConfigurationName = Release;
		};
/* End XCConfigurationList section */
	};
	rootObject = 6003F582195388D10070C39A /* Project object */;
}
